
Microsoft Visual Studio Solution File, Format Version 12.00
# Visual Studio Version 17
VisualStudioVersion = 17.6.33829.357
MinimumVisualStudioVersion = 10.0.40219.1
Project("{9A19103F-16F7-4668-BE54-9A1E7A4F7556}") = "API", "API\API.csproj", "{B1AA8109-04C7-4E6A-A6A3-D3AA0A1EC1BE}"
EndProject
Global
	GlobalSection(SolutionConfigurationPlatforms) = preSolution
		Debug|Any CPU = Debug|Any CPU
		Release|Any CPU = Release|Any CPU
	EndGlobalSection
	GlobalSection(ProjectConfigurationPlatforms) = postSolution
		{B1AA8109-04C7-4E6A-A6A3-D3AA0A1EC1BE}.Debug|Any CPU.ActiveCfg = Debug|Any CPU
		{B1AA8109-04C7-4E6A-A6A3-D3AA0A1EC1BE}.Debug|Any CPU.Build.0 = Debug|Any CPU
		{B1AA8109-04C7-4E6A-A6A3-D3AA0A1EC1BE}.Release|Any CPU.ActiveCfg = Release|Any CPU
		{B1AA8109-04C7-4E6A-A6A3-D3AA0A1EC1BE}.Release|Any CPU.Build.0 = Release|Any CPU
	EndGlobalSection
	GlobalSection(SolutionProperties) = preSolution
		HideSolutionNode = FALSE
	EndGlobalSection
	GlobalSection(ExtensibilityGlobals) = postSolution
		SolutionGuid = {87BF3166-D24B-4BAF-90D6-C76235A2F144}
	EndGlobalSection
EndGlobal
